
Microsoft Visual Studio Solution File, Format Version 12.00
# Visual Studio Version 17
VisualStudioVersion = 17.8.34316.72
MinimumVisualStudioVersion = 10.0.40219.1
Project("{9A19103F-16F7-4668-BE54-9A1E7A4F7556}") = "ConvertDoc", "ConvertDoc.csproj", "{52963336-6CA9-48A4-9639-FD166A5C6B93}"
EndProject
Global
	GlobalSection(SolutionConfigurationPlatforms) = preSolution
		Debug|Any CPU = Debug|Any CPU
		Release|Any CPU = Release|Any CPU
	EndGlobalSection
	GlobalSection(ProjectConfigurationPlatforms) = postSolution
		{52963336-6CA9-48A4-9639-FD166A5C6B93}.Debug|Any CPU.ActiveCfg = Debug|Any CPU
		{52963336-6CA9-48A4-9639-FD166A5C6B93}.Debug|Any CPU.Build.0 = Debug|Any CPU
		{52963336-6CA9-48A4-9639-FD166A5C6B93}.Release|Any CPU.ActiveCfg = Release|Any CPU
		{52963336-6CA9-48A4-9639-FD166A5C6B93}.Release|Any CPU.Build.0 = Release|Any CPU
	EndGlobalSection
	GlobalSection(SolutionProperties) = preSolution
		HideSolutionNode = FALSE
	EndGlobalSection
	GlobalSection(ExtensibilityGlobals) = postSolution
		SolutionGuid = {6FBAE126-8546-4EAD-AD79-EEBC9E16EDD5}
	EndGlobalSection
EndGlobal
